// !$*UTF8*$!
{
	archiveVersion = 1;
	classes = {
	};
	objectVersion = 46;
	objects = {

/* Begin PBXBuildFile section */
		184E65CF190B4FD300087BF3 /* Foundation.framework in Frameworks */ = {isa = PBXBuildFile; fileRef = 184E65CE190B4FD300087BF3 /* Foundation.framework */; };
		184E65D1190B4FD300087BF3 /* CoreGraphics.framework in Frameworks */ = {isa = PBXBuildFile; fileRef = 184E65D0190B4FD300087BF3 /* CoreGraphics.framework */; };
		184E65D3190B4FD300087BF3 /* UIKit.framework in Frameworks */ = {isa = PBXBuildFile; fileRef = 184E65D2190B4FD300087BF3 /* UIKit.framework */; };
		184E65D9190B4FD300087BF3 /* InfoPlist.strings in Resources */ = {isa = PBXBuildFile; fileRef = 184E65D7190B4FD300087BF3 /* InfoPlist.strings */; };
		184E65DB190B4FD300087BF3 /* main.m in Sources */ = {isa = PBXBuildFile; fileRef = 184E65DA190B4FD300087BF3 /* main.m */; };
		184E65DF190B4FD300087BF3 /* LPAppDelegate.m in Sources */ = {isa = PBXBuildFile; fileRef = 184E65DE190B4FD300087BF3 /* LPAppDelegate.m */; };
		184E65E2190B4FD300087BF3 /* Main_iPhone.storyboard in Resources */ = {isa = PBXBuildFile; fileRef = 184E65E0190B4FD300087BF3 /* Main_iPhone.storyboard */; };
		184E65E5190B4FD300087BF3 /* Main_iPad.storyboard in Resources */ = {isa = PBXBuildFile; fileRef = 184E65E3190B4FD300087BF3 /* Main_iPad.storyboard */; };
		184E65E8190B4FD300087BF3 /* LPFirstViewController.m in Sources */ = {isa = PBXBuildFile; fileRef = 184E65E7190B4FD300087BF3 /* LPFirstViewController.m */; };
		184E65EB190B4FD300087BF3 /* LPSecondViewController.m in Sources */ = {isa = PBXBuildFile; fileRef = 184E65EA190B4FD300087BF3 /* LPSecondViewController.m */; };
		184E65ED190B4FD300087BF3 /* Images.xcassets in Resources */ = {isa = PBXBuildFile; fileRef = 184E65EC190B4FD300087BF3 /* Images.xcassets */; };
		184E65F4190B4FD300087BF3 /* XCTest.framework in Frameworks */ = {isa = PBXBuildFile; fileRef = 184E65F3190B4FD300087BF3 /* XCTest.framework */; };
		184E65F5190B4FD300087BF3 /* Foundation.framework in Frameworks */ = {isa = PBXBuildFile; fileRef = 184E65CE190B4FD300087BF3 /* Foundation.framework */; };
		184E65F6190B4FD300087BF3 /* UIKit.framework in Frameworks */ = {isa = PBXBuildFile; fileRef = 184E65D2190B4FD300087BF3 /* UIKit.framework */; };
		184E65FE190B4FD300087BF3 /* InfoPlist.strings in Resources */ = {isa = PBXBuildFile; fileRef = 184E65FC190B4FD300087BF3 /* InfoPlist.strings */; };
		184E6600190B4FD300087BF3 /* Lord_of_the_PingTests.m in Sources */ = {isa = PBXBuildFile; fileRef = 184E65FF190B4FD300087BF3 /* Lord_of_the_PingTests.m */; };
		184E660B190B729200087BF3 /* LPLeaderboardTableViewController.m in Sources */ = {isa = PBXBuildFile; fileRef = 184E660A190B729200087BF3 /* LPLeaderboardTableViewController.m */; };
/* End PBXBuildFile section */

/* Begin PBXContainerItemProxy section */
		184E65F7190B4FD300087BF3 /* PBXContainerItemProxy */ = {
			isa = PBXContainerItemProxy;
			containerPortal = 184E65C3190B4FD300087BF3 /* Project object */;
			proxyType = 1;
			remoteGlobalIDString = 184E65CA190B4FD300087BF3;
			remoteInfo = "Lord of the Ping";
		};
/* End PBXContainerItemProxy section */

/* Begin PBXFileReference section */
		184E65CB190B4FD300087BF3 /* Lord of the Ping.app */ = {isa = PBXFileReference; explicitFileType = wrapper.application; includeInIndex = 0; path = "Lord of the Ping.app"; sourceTree = BUILT_PRODUCTS_DIR; };
		184E65CE190B4FD300087BF3 /* Foundation.framework */ = {isa = PBXFileReference; lastKnownFileType = wrapper.framework; name = Foundation.framework; path = System/Library/Frameworks/Foundation.framework; sourceTree = SDKROOT; };
		184E65D0190B4FD300087BF3 /* CoreGraphics.framework */ = {isa = PBXFileReference; lastKnownFileType = wrapper.framework; name = CoreGraphics.framework; path = System/Library/Frameworks/CoreGraphics.framework; sourceTree = SDKROOT; };
		184E65D2190B4FD300087BF3 /* UIKit.framework */ = {isa = PBXFileReference; lastKnownFileType = wrapper.framework; name = UIKit.framework; path = System/Library/Frameworks/UIKit.framework; sourceTree = SDKROOT; };
		184E65D6190B4FD300087BF3 /* Lord of the Ping-Info.plist */ = {isa = PBXFileReference; lastKnownFileType = text.plist.xml; path = "Lord of the Ping-Info.plist"; sourceTree = "<group>"; };
		184E65D8190B4FD300087BF3 /* en */ = {isa = PBXFileReference; lastKnownFileType = text.plist.strings; name = en; path = en.lproj/InfoPlist.strings; sourceTree = "<group>"; };
		184E65DA190B4FD300087BF3 /* main.m */ = {isa = PBXFileReference; lastKnownFileType = sourcecode.c.objc; path = main.m; sourceTree = "<group>"; };
		184E65DC190B4FD300087BF3 /* Lord of the Ping-Prefix.pch */ = {isa = PBXFileReference; lastKnownFileType = sourcecode.c.h; path = "Lord of the Ping-Prefix.pch"; sourceTree = "<group>"; };
		184E65DD190B4FD300087BF3 /* LPAppDelegate.h */ = {isa = PBXFileReference; lastKnownFileType = sourcecode.c.h; path = LPAppDelegate.h; sourceTree = "<group>"; };
		184E65DE190B4FD300087BF3 /* LPAppDelegate.m */ = {isa = PBXFileReference; lastKnownFileType = sourcecode.c.objc; path = LPAppDelegate.m; sourceTree = "<group>"; };
		184E65E1190B4FD300087BF3 /* Base */ = {isa = PBXFileReference; lastKnownFileType = file.storyboard; name = Base; path = Base.lproj/Main_iPhone.storyboard; sourceTree = "<group>"; };
		184E65E4190B4FD300087BF3 /* Base */ = {isa = PBXFileReference; lastKnownFileType = file.storyboard; name = Base; path = Base.lproj/Main_iPad.storyboard; sourceTree = "<group>"; };
		184E65E6190B4FD300087BF3 /* LPFirstViewController.h */ = {isa = PBXFileReference; lastKnownFileType = sourcecode.c.h; path = LPFirstViewController.h; sourceTree = "<group>"; };
		184E65E7190B4FD300087BF3 /* LPFirstViewController.m */ = {isa = PBXFileReference; lastKnownFileType = sourcecode.c.objc; path = LPFirstViewController.m; sourceTree = "<group>"; };
		184E65E9190B4FD300087BF3 /* LPSecondViewController.h */ = {isa = PBXFileReference; lastKnownFileType = sourcecode.c.h; path = LPSecondViewController.h; sourceTree = "<group>"; };
		184E65EA190B4FD300087BF3 /* LPSecondViewController.m */ = {isa = PBXFileReference; lastKnownFileType = sourcecode.c.objc; path = LPSecondViewController.m; sourceTree = "<group>"; };
		184E65EC190B4FD300087BF3 /* Images.xcassets */ = {isa = PBXFileReference; lastKnownFileType = folder.assetcatalog; path = Images.xcassets; sourceTree = "<group>"; };
		184E65F2190B4FD300087BF3 /* Lord of the PingTests.xctest */ = {isa = PBXFileReference; explicitFileType = wrapper.cfbundle; includeInIndex = 0; path = "Lord of the PingTests.xctest"; sourceTree = BUILT_PRODUCTS_DIR; };
		184E65F3190B4FD300087BF3 /* XCTest.framework */ = {isa = PBXFileReference; lastKnownFileType = wrapper.framework; name = XCTest.framework; path = Library/Frameworks/XCTest.framework; sourceTree = DEVELOPER_DIR; };
		184E65FB190B4FD300087BF3 /* Lord of the PingTests-Info.plist */ = {isa = PBXFileReference; lastKnownFileType = text.plist.xml; path = "Lord of the PingTests-Info.plist"; sourceTree = "<group>"; };
		184E65FD190B4FD300087BF3 /* en */ = {isa = PBXFileReference; lastKnownFileType = text.plist.strings; name = en; path = en.lproj/InfoPlist.strings; sourceTree = "<group>"; };
		184E65FF190B4FD300087BF3 /* Lord_of_the_PingTests.m */ = {isa = PBXFileReference; lastKnownFileType = sourcecode.c.objc; path = Lord_of_the_PingTests.m; sourceTree = "<group>"; };
		184E6609190B729200087BF3 /* LPLeaderboardTableViewController.h */ = {isa = PBXFileReference; fileEncoding = 4; lastKnownFileType = sourcecode.c.h; path = LPLeaderboardTableViewController.h; sourceTree = "<group>"; };
		184E660A190B729200087BF3 /* LPLeaderboardTableViewController.m */ = {isa = PBXFileReference; fileEncoding = 4; lastKnownFileType = sourcecode.c.objc; path = LPLeaderboardTableViewController.m; sourceTree = "<group>"; };
/* End PBXFileReference section */

/* Begin PBXFrameworksBuildPhase section */
		184E65C8190B4FD300087BF3 /* Frameworks */ = {
			isa = PBXFrameworksBuildPhase;
			buildActionMask = 2147483647;
			files = (
				184E65D1190B4FD300087BF3 /* CoreGraphics.framework in Frameworks */,
				184E65D3190B4FD300087BF3 /* UIKit.framework in Frameworks */,
				184E65CF190B4FD300087BF3 /* Foundation.framework in Frameworks */,
			);
			runOnlyForDeploymentPostprocessing = 0;
		};
		184E65EF190B4FD300087BF3 /* Frameworks */ = {
			isa = PBXFrameworksBuildPhase;
			buildActionMask = 2147483647;
			files = (
				184E65F4190B4FD300087BF3 /* XCTest.framework in Frameworks */,
				184E65F6190B4FD300087BF3 /* UIKit.framework in Frameworks */,
				184E65F5190B4FD300087BF3 /* Foundation.framework in Frameworks */,
			);
			runOnlyForDeploymentPostprocessing = 0;
		};
/* End PBXFrameworksBuildPhase section */

/* Begin PBXGroup section */
		184E65C2190B4FD300087BF3 = {
			isa = PBXGroup;
			children = (
				184E65D4190B4FD300087BF3 /* Lord of the Ping */,
				184E65F9190B4FD300087BF3 /* Lord of the PingTests */,
				184E65CD190B4FD300087BF3 /* Frameworks */,
				184E65CC190B4FD300087BF3 /* Products */,
			);
			sourceTree = "<group>";
		};
		184E65CC190B4FD300087BF3 /* Products */ = {
			isa = PBXGroup;
			children = (
				184E65CB190B4FD300087BF3 /* Lord of the Ping.app */,
				184E65F2190B4FD300087BF3 /* Lord of the PingTests.xctest */,
			);
			name = Products;
			sourceTree = "<group>";
		};
		184E65CD190B4FD300087BF3 /* Frameworks */ = {
			isa = PBXGroup;
			children = (
				184E65CE190B4FD300087BF3 /* Foundation.framework */,
				184E65D0190B4FD300087BF3 /* CoreGraphics.framework */,
				184E65D2190B4FD300087BF3 /* UIKit.framework */,
				184E65F3190B4FD300087BF3 /* XCTest.framework */,
			);
			name = Frameworks;
			sourceTree = "<group>";
		};
		184E65D4190B4FD300087BF3 /* Lord of the Ping */ = {
			isa = PBXGroup;
			children = (
				184E65DD190B4FD300087BF3 /* LPAppDelegate.h */,
				184E65DE190B4FD300087BF3 /* LPAppDelegate.m */,
				184E65E0190B4FD300087BF3 /* Main_iPhone.storyboard */,
				184E65E3190B4FD300087BF3 /* Main_iPad.storyboard */,
				184E6609190B729200087BF3 /* LPLeaderboardTableViewController.h */,
				184E660A190B729200087BF3 /* LPLeaderboardTableViewController.m */,
				184E65E6190B4FD300087BF3 /* LPFirstViewController.h */,
				184E65E7190B4FD300087BF3 /* LPFirstViewController.m */,
				184E65E9190B4FD300087BF3 /* LPSecondViewController.h */,
				184E65EA190B4FD300087BF3 /* LPSecondViewController.m */,
				184E65EC190B4FD300087BF3 /* Images.xcassets */,
				184E65D5190B4FD300087BF3 /* Supporting Files */,
			);
			path = "Lord of the Ping";
			sourceTree = "<group>";
		};
		184E65D5190B4FD300087BF3 /* Supporting Files */ = {
			isa = PBXGroup;
			children = (
				184E65D6190B4FD300087BF3 /* Lord of the Ping-Info.plist */,
				184E65D7190B4FD300087BF3 /* InfoPlist.strings */,
				184E65DA190B4FD300087BF3 /* main.m */,
				184E65DC190B4FD300087BF3 /* Lord of the Ping-Prefix.pch */,
			);
			name = "Supporting Files";
			sourceTree = "<group>";
		};
		184E65F9190B4FD300087BF3 /* Lord of the PingTests */ = {
			isa = PBXGroup;
			children = (
				184E65FF190B4FD300087BF3 /* Lord_of_the_PingTests.m */,
				184E65FA190B4FD300087BF3 /* Supporting Files */,
			);
			path = "Lord of the PingTests";
			sourceTree = "<group>";
		};
		184E65FA190B4FD300087BF3 /* Supporting Files */ = {
			isa = PBXGroup;
			children = (
				184E65FB190B4FD300087BF3 /* Lord of the PingTests-Info.plist */,
				184E65FC190B4FD300087BF3 /* InfoPlist.strings */,
			);
			name = "Supporting Files";
			sourceTree = "<group>";
		};
/* End PBXGroup section */

/* Begin PBXNativeTarget section */
		184E65CA190B4FD300087BF3 /* Lord of the Ping */ = {
			isa = PBXNativeTarget;
			buildConfigurationList = 184E6603190B4FD300087BF3 /* Build configuration list for PBXNativeTarget "Lord of the Ping" */;
			buildPhases = (
				184E65C7190B4FD300087BF3 /* Sources */,
				184E65C8190B4FD300087BF3 /* Frameworks */,
				184E65C9190B4FD300087BF3 /* Resources */,
			);
			buildRules = (
			);
			dependencies = (
			);
			name = "Lord of the Ping";
			productName = "Lord of the Ping";
			productReference = 184E65CB190B4FD300087BF3 /* Lord of the Ping.app */;
			productType = "com.apple.product-type.application";
		};
		184E65F1190B4FD300087BF3 /* Lord of the PingTests */ = {
			isa = PBXNativeTarget;
			buildConfigurationList = 184E6606190B4FD300087BF3 /* Build configuration list for PBXNativeTarget "Lord of the PingTests" */;
			buildPhases = (
				184E65EE190B4FD300087BF3 /* Sources */,
				184E65EF190B4FD300087BF3 /* Frameworks */,
				184E65F0190B4FD300087BF3 /* Resources */,
			);
			buildRules = (
			);
			dependencies = (
				184E65F8190B4FD300087BF3 /* PBXTargetDependency */,
			);
			name = "Lord of the PingTests";
			productName = "Lord of the PingTests";
			productReference = 184E65F2190B4FD300087BF3 /* Lord of the PingTests.xctest */;
			productType = "com.apple.product-type.bundle.unit-test";
		};
/* End PBXNativeTarget section */

/* Begin PBXProject section */
		184E65C3190B4FD300087BF3 /* Project object */ = {
			isa = PBXProject;
			attributes = {
				CLASSPREFIX = LP;
				LastUpgradeCheck = 0510;
				ORGANIZATIONNAME = "Lord of the Ping";
				TargetAttributes = {
					184E65F1190B4FD300087BF3 = {
						TestTargetID = 184E65CA190B4FD300087BF3;
					};
				};
			};
			buildConfigurationList = 184E65C6190B4FD300087BF3 /* Build configuration list for PBXProject "Lord of the Ping" */;
			compatibilityVersion = "Xcode 3.2";
			developmentRegion = English;
			hasScannedForEncodings = 0;
			knownRegions = (
				en,
				Base,
			);
			mainGroup = 184E65C2190B4FD300087BF3;
			productRefGroup = 184E65CC190B4FD300087BF3 /* Products */;
			projectDirPath = "";
			projectRoot = "";
			targets = (
				184E65CA190B4FD300087BF3 /* Lord of the Ping */,
				184E65F1190B4FD300087BF3 /* Lord of the PingTests */,
			);
		};
/* End PBXProject section */

/* Begin PBXResourcesBuildPhase section */
		184E65C9190B4FD300087BF3 /* Resources */ = {
			isa = PBXResourcesBuildPhase;
			buildActionMask = 2147483647;
			files = (
				184E65E5190B4FD300087BF3 /* Main_iPad.storyboard in Resources */,
				184E65ED190B4FD300087BF3 /* Images.xcassets in Resources */,
				184E65E2190B4FD300087BF3 /* Main_iPhone.storyboard in Resources */,
				184E65D9190B4FD300087BF3 /* InfoPlist.strings in Resources */,
			);
			runOnlyForDeploymentPostprocessing = 0;
		};
		184E65F0190B4FD300087BF3 /* Resources */ = {
			isa = PBXResourcesBuildPhase;
			buildActionMask = 2147483647;
			files = (
				184E65FE190B4FD300087BF3 /* InfoPlist.strings in Resources */,
			);
			runOnlyForDeploymentPostprocessing = 0;
		};
/* End PBXResourcesBuildPhase section */

/* Begin PBXSourcesBuildPhase section */
		184E65C7190B4FD300087BF3 /* Sources */ = {
			isa = PBXSourcesBuildPhase;
			buildActionMask = 2147483647;
			files = (
				184E65E8190B4FD300087BF3 /* LPFirstViewController.m in Sources */,
				184E65DF190B4FD300087BF3 /* LPAppDelegate.m in Sources */,
				184E65EB190B4FD300087BF3 /* LPSecondViewController.m in Sources */,
				184E65DB190B4FD300087BF3 /* main.m in Sources */,
				184E660B190B729200087BF3 /* LPLeaderboardTableViewController.m in Sources */,
			);
			runOnlyForDeploymentPostprocessing = 0;
		};
		184E65EE190B4FD300087BF3 /* Sources */ = {
			isa = PBXSourcesBuildPhase;
			buildActionMask = 2147483647;
			files = (
				184E6600190B4FD300087BF3 /* Lord_of_the_PingTests.m in Sources */,
			);
			runOnlyForDeploymentPostprocessing = 0;
		};
/* End PBXSourcesBuildPhase section */

/* Begin PBXTargetDependency section */
		184E65F8190B4FD300087BF3 /* PBXTargetDependency */ = {
			isa = PBXTargetDependency;
			target = 184E65CA190B4FD300087BF3 /* Lord of the Ping */;
			targetProxy = 184E65F7190B4FD300087BF3 /* PBXContainerItemProxy */;
		};
/* End PBXTargetDependency section */

/* Begin PBXVariantGroup section */
		184E65D7190B4FD300087BF3 /* InfoPlist.strings */ = {
			isa = PBXVariantGroup;
			children = (
				184E65D8190B4FD300087BF3 /* en */,
			);
			name = InfoPlist.strings;
			sourceTree = "<group>";
		};
		184E65E0190B4FD300087BF3 /* Main_iPhone.storyboard */ = {
			isa = PBXVariantGroup;
			children = (
				184E65E1190B4FD300087BF3 /* Base */,
			);
			name = Main_iPhone.storyboard;
			sourceTree = "<group>";
		};
		184E65E3190B4FD300087BF3 /* Main_iPad.storyboard */ = {
			isa = PBXVariantGroup;
			children = (
				184E65E4190B4FD300087BF3 /* Base */,
			);
			name = Main_iPad.storyboard;
			sourceTree = "<group>";
		};
		184E65FC190B4FD300087BF3 /* InfoPlist.strings */ = {
			isa = PBXVariantGroup;
			children = (
				184E65FD190B4FD300087BF3 /* en */,
			);
			name = InfoPlist.strings;
			sourceTree = "<group>";
		};
/* End PBXVariantGroup section */

/* Begin XCBuildConfiguration section */
		184E6601190B4FD300087BF3 /* Debug */ = {
			isa = XCBuildConfiguration;
			buildSettings = {
				ALWAYS_SEARCH_USER_PATHS = NO;
				CLANG_CXX_LANGUAGE_STANDARD = "gnu++0x";
				CLANG_CXX_LIBRARY = "libc++";
				CLANG_ENABLE_MODULES = YES;
				CLANG_ENABLE_OBJC_ARC = YES;
				CLANG_WARN_BOOL_CONVERSION = YES;
				CLANG_WARN_CONSTANT_CONVERSION = YES;
				CLANG_WARN_DIRECT_OBJC_ISA_USAGE = YES_ERROR;
				CLANG_WARN_EMPTY_BODY = YES;
				CLANG_WARN_ENUM_CONVERSION = YES;
				CLANG_WARN_INT_CONVERSION = YES;
				CLANG_WARN_OBJC_ROOT_CLASS = YES_ERROR;
				CLANG_WARN__DUPLICATE_METHOD_MATCH = YES;
				"CODE_SIGN_IDENTITY[sdk=iphoneos*]" = "iPhone Developer";
				COPY_PHASE_STRIP = NO;
				GCC_C_LANGUAGE_STANDARD = gnu99;
				GCC_DYNAMIC_NO_PIC = NO;
				GCC_OPTIMIZATION_LEVEL = 0;
				GCC_PREPROCESSOR_DEFINITIONS = (
					"DEBUG=1",
					"$(inherited)",
				);
				GCC_SYMBOLS_PRIVATE_EXTERN = NO;
				GCC_WARN_64_TO_32_BIT_CONVERSION = YES;
				GCC_WARN_ABOUT_RETURN_TYPE = YES_ERROR;
				GCC_WARN_UNDECLARED_SELECTOR = YES;
				GCC_WARN_UNINITIALIZED_AUTOS = YES_AGGRESSIVE;
				GCC_WARN_UNUSED_FUNCTION = YES;
				GCC_WARN_UNUSED_VARIABLE = YES;
				IPHONEOS_DEPLOYMENT_TARGET = 7.1;
				ONLY_ACTIVE_ARCH = YES;
				SDKROOT = iphoneos;
				TARGETED_DEVICE_FAMILY = "1,2";
			};
			name = Debug;
		};
		184E6602190B4FD300087BF3 /* Release */ = {
			isa = XCBuildConfiguration;
			buildSettings = {
				ALWAYS_SEARCH_USER_PATHS = NO;
				CLANG_CXX_LANGUAGE_STANDARD = "gnu++0x";
				CLANG_CXX_LIBRARY = "libc++";
				CLANG_ENABLE_MODULES = YES;
				CLANG_ENABLE_OBJC_ARC = YES;
				CLANG_WARN_BOOL_CONVERSION = YES;
				CLANG_WARN_CONSTANT_CONVERSION = YES;
				CLANG_WARN_DIRECT_OBJC_ISA_USAGE = YES_ERROR;
				CLANG_WARN_EMPTY_BODY = YES;
				CLANG_WARN_ENUM_CONVERSION = YES;
				CLANG_WARN_INT_CONVERSION = YES;
				CLANG_WARN_OBJC_ROOT_CLASS = YES_ERROR;
				CLANG_WARN__DUPLICATE_METHOD_MATCH = YES;
				"CODE_SIGN_IDENTITY[sdk=iphoneos*]" = "iPhone Developer";
				COPY_PHASE_STRIP = YES;
				ENABLE_NS_ASSERTIONS = NO;
				GCC_C_LANGUAGE_STANDARD = gnu99;
				GCC_WARN_64_TO_32_BIT_CONVERSION = YES;
				GCC_WARN_ABOUT_RETURN_TYPE = YES_ERROR;
				GCC_WARN_UNDECLARED_SELECTOR = YES;
				GCC_WARN_UNINITIALIZED_AUTOS = YES_AGGRESSIVE;
				GCC_WARN_UNUSED_FUNCTION = YES;
				GCC_WARN_UNUSED_VARIABLE = YES;
				IPHONEOS_DEPLOYMENT_TARGET = 7.1;
				SDKROOT = iphoneos;
				TARGETED_DEVICE_FAMILY = "1,2";
				VALIDATE_PRODUCT = YES;
			};
			name = Release;
		};
		184E6604190B4FD300087BF3 /* Debug */ = {
			isa = XCBuildConfiguration;
			buildSettings = {
				ASSETCATALOG_COMPILER_APPICON_NAME = AppIcon;
				ASSETCATALOG_COMPILER_LAUNCHIMAGE_NAME = LaunchImage;
				CODE_SIGN_IDENTITY = "";
				GCC_PRECOMPILE_PREFIX_HEADER = YES;
				GCC_PREFIX_HEADER = "Lord of the Ping/Lord of the Ping-Prefix.pch";
				INFOPLIST_FILE = "Lord of the Ping/Lord of the Ping-Info.plist";
				PRODUCT_NAME = "$(TARGET_NAME)";
				PROVISIONING_PROFILE = "51004333-EEBF-4137-ACB7-69A3D5B61970";
				WRAPPER_EXTENSION = app;
			};
			name = Debug;
		};
		184E6605190B4FD300087BF3 /* Release */ = {
			isa = XCBuildConfiguration;
			buildSettings = {
				ASSETCATALOG_COMPILER_APPICON_NAME = AppIcon;
				ASSETCATALOG_COMPILER_LAUNCHIMAGE_NAME = LaunchImage;
				CODE_SIGN_IDENTITY = "";
				GCC_PRECOMPILE_PREFIX_HEADER = YES;
				GCC_PREFIX_HEADER = "Lord of the Ping/Lord of the Ping-Prefix.pch";
				INFOPLIST_FILE = "Lord of the Ping/Lord of the Ping-Info.plist";
				PRODUCT_NAME = "$(TARGET_NAME)";
				PROVISIONING_PROFILE = "51004333-EEBF-4137-ACB7-69A3D5B61970";
				WRAPPER_EXTENSION = app;
			};
			name = Release;
		};
		184E6607190B4FD300087BF3 /* Debug */ = {
			isa = XCBuildConfiguration;
			buildSettings = {
				BUNDLE_LOADER = "$(BUILT_PRODUCTS_DIR)/Lord of the Ping.app/Lord of the Ping";
				FRAMEWORK_SEARCH_PATHS = (
					"$(SDKROOT)/Developer/Library/Frameworks",
					"$(inherited)",
					"$(DEVELOPER_FRAMEWORKS_DIR)",
				);
				GCC_PRECOMPILE_PREFIX_HEADER = YES;
				GCC_PREFIX_HEADER = "Lord of the Ping/Lord of the Ping-Prefix.pch";
				GCC_PREPROCESSOR_DEFINITIONS = (
					"DEBUG=1",
					"$(inherited)",
				);
				INFOPLIST_FILE = "Lord of the PingTests/Lord of the PingTests-Info.plist";
				PRODUCT_NAME = "$(TARGET_NAME)";
				TEST_HOST = "$(BUNDLE_LOADER)";
				WRAPPER_EXTENSION = xctest;
			};
			name = Debug;
		};
		184E6608190B4FD300087BF3 /* Release */ = {
			isa = XCBuildConfiguration;
			buildSettings = {
				BUNDLE_LOADER = "$(BUILT_PRODUCTS_DIR)/Lord of the Ping.app/Lord of the Ping";
				FRAMEWORK_SEARCH_PATHS = (
					"$(SDKROOT)/Developer/Library/Frameworks",
					"$(inherited)",
					"$(DEVELOPER_FRAMEWORKS_DIR)",
				);
				GCC_PRECOMPILE_PREFIX_HEADER = YES;
				GCC_PREFIX_HEADER = "Lord of the Ping/Lord of the Ping-Prefix.pch";
				INFOPLIST_FILE = "Lord of the PingTests/Lord of the PingTests-Info.plist";
				PRODUCT_NAME = "$(TARGET_NAME)";
				TEST_HOST = "$(BUNDLE_LOADER)";
				WRAPPER_EXTENSION = xctest;
			};
			name = Release;
		};
/* End XCBuildConfiguration section */

/* Begin XCConfigurationList section */
		184E65C6190B4FD300087BF3 /* Build configuration list for PBXProject "Lord of the Ping" */ = {
			isa = XCConfigurationList;
			buildConfigurations = (
				184E6601190B4FD300087BF3 /* Debug */,
				184E6602190B4FD300087BF3 /* Release */,
			);
			defaultConfigurationIsVisible = 0;
			defaultConfigurationName = Release;
		};
		184E6603190B4FD300087BF3 /* Build configuration list for PBXNativeTarget "Lord of the Ping" */ = {
			isa = XCConfigurationList;
			buildConfigurations = (
				184E6604190B4FD300087BF3 /* Debug */,
				184E6605190B4FD300087BF3 /* Release */,
			);
			defaultConfigurationIsVisible = 0;
		};
		184E6606190B4FD300087BF3 /* Build configuration list for PBXNativeTarget "Lord of the PingTests" */ = {
			isa = XCConfigurationList;
			buildConfigurations = (
				184E6607190B4FD300087BF3 /* Debug */,
				184E6608190B4FD300087BF3 /* Release */,
			);
			defaultConfigurationIsVisible = 0;
		};
/* End XCConfigurationList section */
	};
	rootObject = 184E65C3190B4FD300087BF3 /* Project object */;
}
